
Microsoft Visual Studio Solution File, Format Version 12.00
# Visual Studio Version 16
VisualStudioVersion = 16.0.810.9
MinimumVisualStudioVersion = 10.0.40219.1
Project("{FAE04EC0-301F-11D3-BF4B-00C04F79EFBC}") = "Assembly-CSharp", "Assembly-CSharp.csproj", "{4406B47A-EB11-A8DF-91F2-865ADE6027F0}"
EndProject
Global
	GlobalSection(SolutionConfigurationPlatforms) = preSolution
		Debug|Any CPU = Debug|Any CPU
		Release|Any CPU = Release|Any CPU
	EndGlobalSection
	GlobalSection(ProjectConfigurationPlatforms) = postSolution
		{4406B47A-EB11-A8DF-91F2-865ADE6027F0}.Debug|Any CPU.ActiveCfg = Debug|Any CPU
		{4406B47A-EB11-A8DF-91F2-865ADE6027F0}.Debug|Any CPU.Build.0 = Debug|Any CPU
		{4406B47A-EB11-A8DF-91F2-865ADE6027F0}.Release|Any CPU.ActiveCfg = Release|Any CPU
		{4406B47A-EB11-A8DF-91F2-865ADE6027F0}.Release|Any CPU.Build.0 = Release|Any CPU
	EndGlobalSection
	GlobalSection(SolutionProperties) = preSolution
		HideSolutionNode = FALSE
	EndGlobalSection
	GlobalSection(ExtensibilityGlobals) = postSolution
		SolutionGuid = {0FFA6E60-724F-497E-8707-8B1FD97B99B7}
	EndGlobalSection
EndGlobal
