
Microsoft Visual Studio Solution File, Format Version 11.00
# Visual Studio 2010
Project("{FAE04EC0-301F-11D3-BF4B-00C04F79EFBC}") = "Assembly-CSharp", "Assembly-CSharp.csproj", "{7AB40644-11EB-DFA8-91F2-865ADE6027F0}"
EndProject
Project("{FAE04EC0-301F-11D3-BF4B-00C04F79EFBC}") = "Assembly-CSharp-Editor", "Assembly-CSharp-Editor.csproj", "{0B3F159E-1BFE-5733-7EF0-FAC31F28123D}"
EndProject
Global
	GlobalSection(SolutionConfigurationPlatforms) = preSolution
		Debug|Any CPU = Debug|Any CPU
		Release|Any CPU = Release|Any CPU
	EndGlobalSection
	GlobalSection(ProjectConfigurationPlatforms) = postSolution
		{7AB40644-11EB-DFA8-91F2-865ADE6027F0}.Debug|Any CPU.ActiveCfg = Debug|Any CPU
		{7AB40644-11EB-DFA8-91F2-865ADE6027F0}.Debug|Any CPU.Build.0 = Debug|Any CPU
		{7AB40644-11EB-DFA8-91F2-865ADE6027F0}.Release|Any CPU.ActiveCfg = Release|Any CPU
		{7AB40644-11EB-DFA8-91F2-865ADE6027F0}.Release|Any CPU.Build.0 = Release|Any CPU
		{0B3F159E-1BFE-5733-7EF0-FAC31F28123D}.Debug|Any CPU.ActiveCfg = Debug|Any CPU
		{0B3F159E-1BFE-5733-7EF0-FAC31F28123D}.Debug|Any CPU.Build.0 = Debug|Any CPU
		{0B3F159E-1BFE-5733-7EF0-FAC31F28123D}.Release|Any CPU.ActiveCfg = Release|Any CPU
		{0B3F159E-1BFE-5733-7EF0-FAC31F28123D}.Release|Any CPU.Build.0 = Release|Any CPU
	EndGlobalSection
	GlobalSection(SolutionProperties) = preSolution
		HideSolutionNode = FALSE
	EndGlobalSection
EndGlobal
